
Microsoft Visual Studio Solution File, Format Version 12.00
# Visual Studio Version 17
VisualStudioVersion = 17.4.33213.308
MinimumVisualStudioVersion = 10.0.40219.1
Project("{FAE04EC0-301F-11D3-BF4B-00C04F79EFBC}") = "COMP003B.Assignment3", "COMP003B.Assignment3\COMP003B.Assignment3.csproj", "{850BD77A-DE01-40F8-B705-201E196A4A31}"
EndProject
Global
	GlobalSection(SolutionConfigurationPlatforms) = preSolution
		Debug|Any CPU = Debug|Any CPU
		Release|Any CPU = Release|Any CPU
	EndGlobalSection
	GlobalSection(ProjectConfigurationPlatforms) = postSolution
		{850BD77A-DE01-40F8-B705-201E196A4A31}.Debug|Any CPU.ActiveCfg = Debug|Any CPU
		{850BD77A-DE01-40F8-B705-201E196A4A31}.Debug|Any CPU.Build.0 = Debug|Any CPU
		{850BD77A-DE01-40F8-B705-201E196A4A31}.Release|Any CPU.ActiveCfg = Release|Any CPU
		{850BD77A-DE01-40F8-B705-201E196A4A31}.Release|Any CPU.Build.0 = Release|Any CPU
	EndGlobalSection
	GlobalSection(SolutionProperties) = preSolution
		HideSolutionNode = FALSE
	EndGlobalSection
	GlobalSection(ExtensibilityGlobals) = postSolution
		SolutionGuid = {785CACDF-4A36-4EBA-B114-CBFD36ACEA7E}
	EndGlobalSection
EndGlobal
